
Microsoft Visual Studio Solution File, Format Version 12.00
# Visual Studio Version 16
VisualStudioVersion = 16.0.31019.35
MinimumVisualStudioVersion = 10.0.40219.1
Project("{9A19103F-16F7-4668-BE54-9A1E7A4F7556}") = "ANPUBT_HFT_2021221.Repository", "ANPUBT_HFT_2021221.Repository\ANPUBT_HFT_2021221.Repository.csproj", "{C30B1C3A-2A65-44CF-8ED4-60F6EF99D31F}"
EndProject
Project("{9A19103F-16F7-4668-BE54-9A1E7A4F7556}") = "ANPUBT_HFT_2021221.Test", "ANPUBT_HFT_2021221.Test\ANPUBT_HFT_2021221.Test.csproj", "{5C6393F9-6282-4E3E-BC0A-C00E7E3AA79B}"
EndProject
Project("{9A19103F-16F7-4668-BE54-9A1E7A4F7556}") = "ANPUBT_HFT_2021221.WPFClient", "ANPUBT.WPFClient\ANPUBT_HFT_2021221.WPFClient.csproj", "{F29F754E-BF40-452C-B77A-F92572160902}"
EndProject
Project("{9A19103F-16F7-4668-BE54-9A1E7A4F7556}") = "ANPUBT_HFT_2021221.JSClient", "ANPUBT.JSClient\ANPUBT_HFT_2021221.JSClient.csproj", "{8EFBCAFB-9B5C-4203-8CB3-50579B08206C}"
EndProject
Project("{9A19103F-16F7-4668-BE54-9A1E7A4F7556}") = "ANPUBT_HFT_2021221.Logic", "ANPUBT_HFT_2021221.Logic\ANPUBT_HFT_2021221.Logic.csproj", "{13217D95-239B-4D3E-BBF9-A5E4A3BFC2BF}"
EndProject
Project("{9A19103F-16F7-4668-BE54-9A1E7A4F7556}") = "ANPUBT_HFT_2021221.Models", "ANPUBT_HFT_2021221.Models\ANPUBT_HFT_2021221.Models.csproj", "{ADB0E18E-9500-47F1-BC04-72D1C97499F5}"
EndProject
Project("{9A19103F-16F7-4668-BE54-9A1E7A4F7556}") = "ANPUBT_HFT_2021221.Endpoint", "ANPUBT_HFT_2021221.Endpoint\ANPUBT_HFT_2021221.Endpoint.csproj", "{C0C282F1-FC38-46F9-A8CC-7640F21AC2CE}"
EndProject
Project("{9A19103F-16F7-4668-BE54-9A1E7A4F7556}") = "ANPUBT_HFT_2021221.Data", "ZC7ADM_HFT_2021221.Data\ANPUBT_HFT_2021221.Data.csproj", "{B1014BBA-7F76-4B66-BB6E-A169DB0DE979}"
EndProject
Global
	GlobalSection(SolutionConfigurationPlatforms) = preSolution
		Debug|Any CPU = Debug|Any CPU
		Release|Any CPU = Release|Any CPU
	EndGlobalSection
	GlobalSection(ProjectConfigurationPlatforms) = postSolution
		{C30B1C3A-2A65-44CF-8ED4-60F6EF99D31F}.Debug|Any CPU.ActiveCfg = Debug|Any CPU
		{C30B1C3A-2A65-44CF-8ED4-60F6EF99D31F}.Debug|Any CPU.Build.0 = Debug|Any CPU
		{C30B1C3A-2A65-44CF-8ED4-60F6EF99D31F}.Release|Any CPU.ActiveCfg = Release|Any CPU
		{C30B1C3A-2A65-44CF-8ED4-60F6EF99D31F}.Release|Any CPU.Build.0 = Release|Any CPU
		{5C6393F9-6282-4E3E-BC0A-C00E7E3AA79B}.Debug|Any CPU.ActiveCfg = Debug|Any CPU
		{5C6393F9-6282-4E3E-BC0A-C00E7E3AA79B}.Debug|Any CPU.Build.0 = Debug|Any CPU
		{5C6393F9-6282-4E3E-BC0A-C00E7E3AA79B}.Release|Any CPU.ActiveCfg = Release|Any CPU
		{5C6393F9-6282-4E3E-BC0A-C00E7E3AA79B}.Release|Any CPU.Build.0 = Release|Any CPU
		{F29F754E-BF40-452C-B77A-F92572160902}.Debug|Any CPU.ActiveCfg = Debug|Any CPU
		{F29F754E-BF40-452C-B77A-F92572160902}.Debug|Any CPU.Build.0 = Debug|Any CPU
		{F29F754E-BF40-452C-B77A-F92572160902}.Release|Any CPU.ActiveCfg = Release|Any CPU
		{F29F754E-BF40-452C-B77A-F92572160902}.Release|Any CPU.Build.0 = Release|Any CPU
		{8EFBCAFB-9B5C-4203-8CB3-50579B08206C}.Debug|Any CPU.ActiveCfg = Debug|Any CPU
		{8EFBCAFB-9B5C-4203-8CB3-50579B08206C}.Debug|Any CPU.Build.0 = Debug|Any CPU
		{8EFBCAFB-9B5C-4203-8CB3-50579B08206C}.Release|Any CPU.ActiveCfg = Release|Any CPU
		{8EFBCAFB-9B5C-4203-8CB3-50579B08206C}.Release|Any CPU.Build.0 = Release|Any CPU
		{13217D95-239B-4D3E-BBF9-A5E4A3BFC2BF}.Debug|Any CPU.ActiveCfg = Debug|Any CPU
		{13217D95-239B-4D3E-BBF9-A5E4A3BFC2BF}.Debug|Any CPU.Build.0 = Debug|Any CPU
		{13217D95-239B-4D3E-BBF9-A5E4A3BFC2BF}.Release|Any CPU.ActiveCfg = Release|Any CPU
		{13217D95-239B-4D3E-BBF9-A5E4A3BFC2BF}.Release|Any CPU.Build.0 = Release|Any CPU
		{ADB0E18E-9500-47F1-BC04-72D1C97499F5}.Debug|Any CPU.ActiveCfg = Debug|Any CPU
		{ADB0E18E-9500-47F1-BC04-72D1C97499F5}.Debug|Any CPU.Build.0 = Debug|Any CPU
		{ADB0E18E-9500-47F1-BC04-72D1C97499F5}.Release|Any CPU.ActiveCfg = Release|Any CPU
		{ADB0E18E-9500-47F1-BC04-72D1C97499F5}.Release|Any CPU.Build.0 = Release|Any CPU
		{C0C282F1-FC38-46F9-A8CC-7640F21AC2CE}.Debug|Any CPU.ActiveCfg = Debug|Any CPU
		{C0C282F1-FC38-46F9-A8CC-7640F21AC2CE}.Debug|Any CPU.Build.0 = Debug|Any CPU
		{C0C282F1-FC38-46F9-A8CC-7640F21AC2CE}.Release|Any CPU.ActiveCfg = Release|Any CPU
		{C0C282F1-FC38-46F9-A8CC-7640F21AC2CE}.Release|Any CPU.Build.0 = Release|Any CPU
		{B1014BBA-7F76-4B66-BB6E-A169DB0DE979}.Debug|Any CPU.ActiveCfg = Debug|Any CPU
		{B1014BBA-7F76-4B66-BB6E-A169DB0DE979}.Debug|Any CPU.Build.0 = Debug|Any CPU
		{B1014BBA-7F76-4B66-BB6E-A169DB0DE979}.Release|Any CPU.ActiveCfg = Release|Any CPU
		{B1014BBA-7F76-4B66-BB6E-A169DB0DE979}.Release|Any CPU.Build.0 = Release|Any CPU
	EndGlobalSection
	GlobalSection(SolutionProperties) = preSolution
		HideSolutionNode = FALSE
	EndGlobalSection
	GlobalSection(ExtensibilityGlobals) = postSolution
		SolutionGuid = {9D2C2F82-6165-40C5-8AC6-ADB40402EA9E}
	EndGlobalSection
EndGlobal
